
Microsoft Visual Studio Solution File, Format Version 12.00
# Visual Studio Version 16
VisualStudioVersion = 16.0.28711.60
MinimumVisualStudioVersion = 10.0.40219.1
Project("{2150E333-8FDC-42A3-9474-1A3956D46DE8}") = "src", "src", "{C79F9042-98F4-42B7-9E4D-F03E0302B2F7}"
EndProject
Project("{9A19103F-16F7-4668-BE54-9A1E7A4F7556}") = "AdventureCore.AdventureEngine", "src\AdventureCore.AdventureEngine\AdventureCore.AdventureEngine.csproj", "{5BFBAA2F-FA11-4D9B-9D21-8873E267BFB8}"
EndProject
Project("{2150E333-8FDC-42A3-9474-1A3956D46DE8}") = "Engine", "Engine", "{72DA30E4-8579-4653-9BCA-D78565CA2D79}"
EndProject
Project("{2150E333-8FDC-42A3-9474-1A3956D46DE8}") = "Tests", "Tests", "{0DC066B8-D430-4F1C-A2D2-865C5CF8B8C8}"
EndProject
Project("{9A19103F-16F7-4668-BE54-9A1E7A4F7556}") = "Tests.AdventureEngineTest", "src\Tests.AdventureEngineTest\Tests.AdventureEngineTest.csproj", "{5E8B3351-F0C2-4E6C-96B7-E40C33564ABD}"
EndProject
Project("{2150E333-8FDC-42A3-9474-1A3956D46DE8}") = "TestAdventure", "TestAdventure", "{A2254703-F27B-47F5-9C43-083E7314599A}"
EndProject
Project("{9A19103F-16F7-4668-BE54-9A1E7A4F7556}") = "MyTestAdventure", "src\MyTestAdventure\MyTestAdventure.csproj", "{9F31024D-FECA-4434-818E-D3A80915886A}"
EndProject
Global
	GlobalSection(SolutionConfigurationPlatforms) = preSolution
		Debug|Any CPU = Debug|Any CPU
		Release|Any CPU = Release|Any CPU
	EndGlobalSection
	GlobalSection(ProjectConfigurationPlatforms) = postSolution
		{5BFBAA2F-FA11-4D9B-9D21-8873E267BFB8}.Debug|Any CPU.ActiveCfg = Debug|Any CPU
		{5BFBAA2F-FA11-4D9B-9D21-8873E267BFB8}.Debug|Any CPU.Build.0 = Debug|Any CPU
		{5BFBAA2F-FA11-4D9B-9D21-8873E267BFB8}.Release|Any CPU.ActiveCfg = Release|Any CPU
		{5BFBAA2F-FA11-4D9B-9D21-8873E267BFB8}.Release|Any CPU.Build.0 = Release|Any CPU
		{5E8B3351-F0C2-4E6C-96B7-E40C33564ABD}.Debug|Any CPU.ActiveCfg = Debug|Any CPU
		{5E8B3351-F0C2-4E6C-96B7-E40C33564ABD}.Debug|Any CPU.Build.0 = Debug|Any CPU
		{5E8B3351-F0C2-4E6C-96B7-E40C33564ABD}.Release|Any CPU.ActiveCfg = Release|Any CPU
		{5E8B3351-F0C2-4E6C-96B7-E40C33564ABD}.Release|Any CPU.Build.0 = Release|Any CPU
		{9F31024D-FECA-4434-818E-D3A80915886A}.Debug|Any CPU.ActiveCfg = Debug|Any CPU
		{9F31024D-FECA-4434-818E-D3A80915886A}.Debug|Any CPU.Build.0 = Debug|Any CPU
		{9F31024D-FECA-4434-818E-D3A80915886A}.Release|Any CPU.ActiveCfg = Release|Any CPU
		{9F31024D-FECA-4434-818E-D3A80915886A}.Release|Any CPU.Build.0 = Release|Any CPU
	EndGlobalSection
	GlobalSection(SolutionProperties) = preSolution
		HideSolutionNode = FALSE
	EndGlobalSection
	GlobalSection(NestedProjects) = preSolution
		{5BFBAA2F-FA11-4D9B-9D21-8873E267BFB8} = {72DA30E4-8579-4653-9BCA-D78565CA2D79}
		{72DA30E4-8579-4653-9BCA-D78565CA2D79} = {C79F9042-98F4-42B7-9E4D-F03E0302B2F7}
		{0DC066B8-D430-4F1C-A2D2-865C5CF8B8C8} = {72DA30E4-8579-4653-9BCA-D78565CA2D79}
		{5E8B3351-F0C2-4E6C-96B7-E40C33564ABD} = {0DC066B8-D430-4F1C-A2D2-865C5CF8B8C8}
		{A2254703-F27B-47F5-9C43-083E7314599A} = {C79F9042-98F4-42B7-9E4D-F03E0302B2F7}
		{9F31024D-FECA-4434-818E-D3A80915886A} = {A2254703-F27B-47F5-9C43-083E7314599A}
	EndGlobalSection
	GlobalSection(ExtensibilityGlobals) = postSolution
		SolutionGuid = {282E9C64-ABB1-480B-B867-82809DA1B366}
	EndGlobalSection
EndGlobal
